
Microsoft Visual Studio Solution File, Format Version 12.00
# Visual Studio Express 2012 for Windows Desktop
Project("{F184B08F-C81C-45F6-A57F-5ABD9991F28F}") = "wnicode", "wnicode\wnicode.vbproj", "{FCC1CB4F-0208-4F15-9AD8-CBD16FDCC657}"
EndProject
Global
	GlobalSection(SolutionConfigurationPlatforms) = preSolution
		Debug|Any CPU = Debug|Any CPU
		Release|Any CPU = Release|Any CPU
	EndGlobalSection
	GlobalSection(ProjectConfigurationPlatforms) = postSolution
		{FCC1CB4F-0208-4F15-9AD8-CBD16FDCC657}.Debug|Any CPU.ActiveCfg = Debug|Any CPU
		{FCC1CB4F-0208-4F15-9AD8-CBD16FDCC657}.Debug|Any CPU.Build.0 = Debug|Any CPU
		{FCC1CB4F-0208-4F15-9AD8-CBD16FDCC657}.Release|Any CPU.ActiveCfg = Release|Any CPU
		{FCC1CB4F-0208-4F15-9AD8-CBD16FDCC657}.Release|Any CPU.Build.0 = Release|Any CPU
	EndGlobalSection
	GlobalSection(SolutionProperties) = preSolution
		HideSolutionNode = FALSE
	EndGlobalSection
EndGlobal
